
Microsoft Visual Studio Solution File, Format Version 12.00
# Visual Studio Version 16
VisualStudioVersion = 16.0.30517.126
MinimumVisualStudioVersion = 10.0.40219.1
Project("{FAE04EC0-301F-11D3-BF4B-00C04F79EFBC}") = "F2020DiscussionAppLevin", "F2020DiscussionAppLevin\F2020DiscussionAppLevin.csproj", "{6172E786-4E20-450B-9008-79D1697C70DA}"
EndProject
Project("{FAE04EC0-301F-11D3-BF4B-00C04F79EFBC}") = "F2020DiscussionTestLevin", "F2020DiscussionTestLevin\F2020DiscussionTestLevin.csproj", "{C16836A1-3349-4D0C-A421-7F6FCC2CE948}"
EndProject
Global
	GlobalSection(SolutionConfigurationPlatforms) = preSolution
		Debug|Any CPU = Debug|Any CPU
		Release|Any CPU = Release|Any CPU
	EndGlobalSection
	GlobalSection(ProjectConfigurationPlatforms) = postSolution
		{6172E786-4E20-450B-9008-79D1697C70DA}.Debug|Any CPU.ActiveCfg = Debug|Any CPU
		{6172E786-4E20-450B-9008-79D1697C70DA}.Debug|Any CPU.Build.0 = Debug|Any CPU
		{6172E786-4E20-450B-9008-79D1697C70DA}.Release|Any CPU.ActiveCfg = Release|Any CPU
		{6172E786-4E20-450B-9008-79D1697C70DA}.Release|Any CPU.Build.0 = Release|Any CPU
		{C16836A1-3349-4D0C-A421-7F6FCC2CE948}.Debug|Any CPU.ActiveCfg = Debug|Any CPU
		{C16836A1-3349-4D0C-A421-7F6FCC2CE948}.Debug|Any CPU.Build.0 = Debug|Any CPU
		{C16836A1-3349-4D0C-A421-7F6FCC2CE948}.Release|Any CPU.ActiveCfg = Release|Any CPU
		{C16836A1-3349-4D0C-A421-7F6FCC2CE948}.Release|Any CPU.Build.0 = Release|Any CPU
	EndGlobalSection
	GlobalSection(SolutionProperties) = preSolution
		HideSolutionNode = FALSE
	EndGlobalSection
	GlobalSection(ExtensibilityGlobals) = postSolution
		SolutionGuid = {41319A99-3C68-42C4-9DC1-C1045E3D6EC1}
	EndGlobalSection
EndGlobal
